// !$*UTF8*$!
{
	archiveVersion = 1;
	classes = {
	};
	objectVersion = 50;
	objects = {

/* Begin PBXBuildFile section */
		DD44AB212701F34A001A28FE /* AppDelegate.swift in Sources */ = {isa = PBXBuildFile; fileRef = DD44AB202701F34A001A28FE /* AppDelegate.swift */; };
		DD44AB232701F34A001A28FE /* SceneDelegate.swift in Sources */ = {isa = PBXBuildFile; fileRef = DD44AB222701F34A001A28FE /* SceneDelegate.swift */; };
		DD44AB252701F34A001A28FE /* GroupsViewController.swift in Sources */ = {isa = PBXBuildFile; fileRef = DD44AB242701F34A001A28FE /* GroupsViewController.swift */; };
		DD44AB282701F34A001A28FE /* Main.storyboard in Resources */ = {isa = PBXBuildFile; fileRef = DD44AB262701F34A001A28FE /* Main.storyboard */; };
		DD44AB2B2701F34A001A28FE /* MyCoreDataApp.xcdatamodeld in Sources */ = {isa = PBXBuildFile; fileRef = DD44AB292701F34A001A28FE /* MyCoreDataApp.xcdatamodeld */; };
		DD44AB2D2701F34B001A28FE /* Assets.xcassets in Resources */ = {isa = PBXBuildFile; fileRef = DD44AB2C2701F34B001A28FE /* Assets.xcassets */; };
		DD44AB302701F34B001A28FE /* LaunchScreen.storyboard in Resources */ = {isa = PBXBuildFile; fileRef = DD44AB2E2701F34B001A28FE /* LaunchScreen.storyboard */; };
		DD9BBDB12701F905002ECD57 /* Group+CoreDataClass.swift in Sources */ = {isa = PBXBuildFile; fileRef = DD9BBDAF2701F905002ECD57 /* Group+CoreDataClass.swift */; };
		DD9BBDB22701F905002ECD57 /* Group+CoreDataProperties.swift in Sources */ = {isa = PBXBuildFile; fileRef = DD9BBDB02701F905002ECD57 /* Group+CoreDataProperties.swift */; };
		DD9BBDB52701F933002ECD57 /* DataManager.swift in Sources */ = {isa = PBXBuildFile; fileRef = DD9BBDB42701F933002ECD57 /* DataManager.swift */; };
		DD9BBDB9270203F3002ECD57 /* StudentsViewController.swift in Sources */ = {isa = PBXBuildFile; fileRef = DD9BBDB8270203F3002ECD57 /* StudentsViewController.swift */; };
		DD9BBDBE27020429002ECD57 /* Student+CoreDataClass.swift in Sources */ = {isa = PBXBuildFile; fileRef = DD9BBDBC27020429002ECD57 /* Student+CoreDataClass.swift */; };
		DD9BBDBF27020429002ECD57 /* Student+CoreDataProperties.swift in Sources */ = {isa = PBXBuildFile; fileRef = DD9BBDBD27020429002ECD57 /* Student+CoreDataProperties.swift */; };
		DD9BBDCA27021695002ECD57 /* StudentCell.swift in Sources */ = {isa = PBXBuildFile; fileRef = DD9BBDC827021695002ECD57 /* StudentCell.swift */; };
		DD9BBDCB27021695002ECD57 /* StudentCell.xib in Resources */ = {isa = PBXBuildFile; fileRef = DD9BBDC927021695002ECD57 /* StudentCell.xib */; };
/* End PBXBuildFile section */

/* Begin PBXFileReference section */
		DD44AB1D2701F34A001A28FE /* MyCoreDataApp.app */ = {isa = PBXFileReference; explicitFileType = wrapper.application; includeInIndex = 0; path = MyCoreDataApp.app; sourceTree = BUILT_PRODUCTS_DIR; };
		DD44AB202701F34A001A28FE /* AppDelegate.swift */ = {isa = PBXFileReference; lastKnownFileType = sourcecode.swift; path = AppDelegate.swift; sourceTree = "<group>"; };
		DD44AB222701F34A001A28FE /* SceneDelegate.swift */ = {isa = PBXFileReference; lastKnownFileType = sourcecode.swift; path = SceneDelegate.swift; sourceTree = "<group>"; };
		DD44AB242701F34A001A28FE /* GroupsViewController.swift */ = {isa = PBXFileReference; lastKnownFileType = sourcecode.swift; path = GroupsViewController.swift; sourceTree = "<group>"; };
		DD44AB272701F34A001A28FE /* Base */ = {isa = PBXFileReference; lastKnownFileType = file.storyboard; name = Base; path = Base.lproj/Main.storyboard; sourceTree = "<group>"; };
		DD44AB2A2701F34A001A28FE /* MyCoreDataApp.xcdatamodel */ = {isa = PBXFileReference; lastKnownFileType = wrapper.xcdatamodel; path = MyCoreDataApp.xcdatamodel; sourceTree = "<group>"; };
		DD44AB2C2701F34B001A28FE /* Assets.xcassets */ = {isa = PBXFileReference; lastKnownFileType = folder.assetcatalog; path = Assets.xcassets; sourceTree = "<group>"; };
		DD44AB2F2701F34B001A28FE /* Base */ = {isa = PBXFileReference; lastKnownFileType = file.storyboard; name = Base; path = Base.lproj/LaunchScreen.storyboard; sourceTree = "<group>"; };
		DD44AB312701F34B001A28FE /* Info.plist */ = {isa = PBXFileReference; lastKnownFileType = text.plist.xml; path = Info.plist; sourceTree = "<group>"; };
		DD9BBDAF2701F905002ECD57 /* Group+CoreDataClass.swift */ = {isa = PBXFileReference; lastKnownFileType = sourcecode.swift; path = "Group+CoreDataClass.swift"; sourceTree = "<group>"; };
		DD9BBDB02701F905002ECD57 /* Group+CoreDataProperties.swift */ = {isa = PBXFileReference; lastKnownFileType = sourcecode.swift; path = "Group+CoreDataProperties.swift"; sourceTree = "<group>"; };
		DD9BBDB42701F933002ECD57 /* DataManager.swift */ = {isa = PBXFileReference; lastKnownFileType = sourcecode.swift; path = DataManager.swift; sourceTree = "<group>"; };
		DD9BBDB8270203F3002ECD57 /* StudentsViewController.swift */ = {isa = PBXFileReference; lastKnownFileType = sourcecode.swift; path = StudentsViewController.swift; sourceTree = "<group>"; };
		DD9BBDBC27020429002ECD57 /* Student+CoreDataClass.swift */ = {isa = PBXFileReference; lastKnownFileType = sourcecode.swift; path = "Student+CoreDataClass.swift"; sourceTree = "<group>"; };
		DD9BBDBD27020429002ECD57 /* Student+CoreDataProperties.swift */ = {isa = PBXFileReference; lastKnownFileType = sourcecode.swift; path = "Student+CoreDataProperties.swift"; sourceTree = "<group>"; };
		DD9BBDC827021695002ECD57 /* StudentCell.swift */ = {isa = PBXFileReference; lastKnownFileType = sourcecode.swift; path = StudentCell.swift; sourceTree = "<group>"; };
		DD9BBDC927021695002ECD57 /* StudentCell.xib */ = {isa = PBXFileReference; lastKnownFileType = file.xib; path = StudentCell.xib; sourceTree = "<group>"; };
/* End PBXFileReference section */

/* Begin PBXFrameworksBuildPhase section */
		DD44AB1A2701F34A001A28FE /* Frameworks */ = {
			isa = PBXFrameworksBuildPhase;
			buildActionMask = 2147483647;
			files = (
			);
			runOnlyForDeploymentPostprocessing = 0;
		};
/* End PBXFrameworksBuildPhase section */

/* Begin PBXGroup section */
		DD44AB142701F34A001A28FE = {
			isa = PBXGroup;
			children = (
				DD44AB1F2701F34A001A28FE /* MyCoreDataApp */,
				DD44AB1E2701F34A001A28FE /* Products */,
			);
			sourceTree = "<group>";
		};
		DD44AB1E2701F34A001A28FE /* Products */ = {
			isa = PBXGroup;
			children = (
				DD44AB1D2701F34A001A28FE /* MyCoreDataApp.app */,
			);
			name = Products;
			sourceTree = "<group>";
		};
		DD44AB1F2701F34A001A28FE /* MyCoreDataApp */ = {
			isa = PBXGroup;
			children = (
				DD9BBDC22702166E002ECD57 /* Custom TableView Cells */,
				DD44AB3C2701F3B6001A28FE /* AppFiles */,
				DD44AB3B2701F3AF001A28FE /* Model */,
				DD44AB392701F361001A28FE /* Storyboards */,
				DD44AB382701F35B001A28FE /* Controllers */,
				DD44AB2C2701F34B001A28FE /* Assets.xcassets */,
				DD44AB312701F34B001A28FE /* Info.plist */,
				DD44AB292701F34A001A28FE /* MyCoreDataApp.xcdatamodeld */,
			);
			path = MyCoreDataApp;
			sourceTree = "<group>";
		};
		DD44AB382701F35B001A28FE /* Controllers */ = {
			isa = PBXGroup;
			children = (
				DD44AB242701F34A001A28FE /* GroupsViewController.swift */,
				DD9BBDB8270203F3002ECD57 /* StudentsViewController.swift */,
			);
			path = Controllers;
			sourceTree = "<group>";
		};
		DD44AB392701F361001A28FE /* Storyboards */ = {
			isa = PBXGroup;
			children = (
				DD44AB262701F34A001A28FE /* Main.storyboard */,
				DD44AB2E2701F34B001A28FE /* LaunchScreen.storyboard */,
			);
			path = Storyboards;
			sourceTree = "<group>";
		};
		DD44AB3B2701F3AF001A28FE /* Model */ = {
			isa = PBXGroup;
			children = (
				DD9BBDBC27020429002ECD57 /* Student+CoreDataClass.swift */,
				DD9BBDBD27020429002ECD57 /* Student+CoreDataProperties.swift */,
				DD9BBDAF2701F905002ECD57 /* Group+CoreDataClass.swift */,
				DD9BBDB02701F905002ECD57 /* Group+CoreDataProperties.swift */,
				DD9BBDB42701F933002ECD57 /* DataManager.swift */,
			);
			path = Model;
			sourceTree = "<group>";
		};
		DD44AB3C2701F3B6001A28FE /* AppFiles */ = {
			isa = PBXGroup;
			children = (
				DD44AB202701F34A001A28FE /* AppDelegate.swift */,
				DD44AB222701F34A001A28FE /* SceneDelegate.swift */,
			);
			path = AppFiles;
			sourceTree = "<group>";
		};
		DD9BBDC22702166E002ECD57 /* Custom TableView Cells */ = {
			isa = PBXGroup;
			children = (
				DD9BBDC827021695002ECD57 /* StudentCell.swift */,
				DD9BBDC927021695002ECD57 /* StudentCell.xib */,
			);
			path = "Custom TableView Cells";
			sourceTree = "<group>";
		};
/* End PBXGroup section */

/* Begin PBXNativeTarget section */
		DD44AB1C2701F34A001A28FE /* MyCoreDataApp */ = {
			isa = PBXNativeTarget;
			buildConfigurationList = DD44AB342701F34B001A28FE /* Build configuration list for PBXNativeTarget "MyCoreDataApp" */;
			buildPhases = (
				DD44AB192701F34A001A28FE /* Sources */,
				DD44AB1A2701F34A001A28FE /* Frameworks */,
				DD44AB1B2701F34A001A28FE /* Resources */,
			);
			buildRules = (
			);
			dependencies = (
			);
			name = MyCoreDataApp;
			productName = MyCoreDataApp;
			productReference = DD44AB1D2701F34A001A28FE /* MyCoreDataApp.app */;
			productType = "com.apple.product-type.application";
		};
/* End PBXNativeTarget section */

/* Begin PBXProject section */
		DD44AB152701F34A001A28FE /* Project object */ = {
			isa = PBXProject;
			attributes = {
				LastSwiftUpdateCheck = 1240;
				LastUpgradeCheck = 1240;
				TargetAttributes = {
					DD44AB1C2701F34A001A28FE = {
						CreatedOnToolsVersion = 12.4;
					};
				};
			};
			buildConfigurationList = DD44AB182701F34A001A28FE /* Build configuration list for PBXProject "MyCoreDataApp" */;
			compatibilityVersion = "Xcode 9.3";
			developmentRegion = en;
			hasScannedForEncodings = 0;
			knownRegions = (
				en,
				Base,
			);
			mainGroup = DD44AB142701F34A001A28FE;
			productRefGroup = DD44AB1E2701F34A001A28FE /* Products */;
			projectDirPath = "";
			projectRoot = "";
			targets = (
				DD44AB1C2701F34A001A28FE /* MyCoreDataApp */,
			);
		};
/* End PBXProject section */

/* Begin PBXResourcesBuildPhase section */
		DD44AB1B2701F34A001A28FE /* Resources */ = {
			isa = PBXResourcesBuildPhase;
			buildActionMask = 2147483647;
			files = (
				DD44AB302701F34B001A28FE /* LaunchScreen.storyboard in Resources */,
				DD44AB2D2701F34B001A28FE /* Assets.xcassets in Resources */,
				DD44AB282701F34A001A28FE /* Main.storyboard in Resources */,
				DD9BBDCB27021695002ECD57 /* StudentCell.xib in Resources */,
			);
			runOnlyForDeploymentPostprocessing = 0;
		};
/* End PBXResourcesBuildPhase section */

/* Begin PBXSourcesBuildPhase section */
		DD44AB192701F34A001A28FE /* Sources */ = {
			isa = PBXSourcesBuildPhase;
			buildActionMask = 2147483647;
			files = (
				DD9BBDB9270203F3002ECD57 /* StudentsViewController.swift in Sources */,
				DD9BBDB12701F905002ECD57 /* Group+CoreDataClass.swift in Sources */,
				DD9BBDB22701F905002ECD57 /* Group+CoreDataProperties.swift in Sources */,
				DD44AB2B2701F34A001A28FE /* MyCoreDataApp.xcdatamodeld in Sources */,
				DD9BBDBF27020429002ECD57 /* Student+CoreDataProperties.swift in Sources */,
				DD9BBDB52701F933002ECD57 /* DataManager.swift in Sources */,
				DD9BBDCA27021695002ECD57 /* StudentCell.swift in Sources */,
				DD44AB252701F34A001A28FE /* GroupsViewController.swift in Sources */,
				DD44AB212701F34A001A28FE /* AppDelegate.swift in Sources */,
				DD9BBDBE27020429002ECD57 /* Student+CoreDataClass.swift in Sources */,
				DD44AB232701F34A001A28FE /* SceneDelegate.swift in Sources */,
			);
			runOnlyForDeploymentPostprocessing = 0;
		};
/* End PBXSourcesBuildPhase section */

/* Begin PBXVariantGroup section */
		DD44AB262701F34A001A28FE /* Main.storyboard */ = {
			isa = PBXVariantGroup;
			children = (
				DD44AB272701F34A001A28FE /* Base */,
			);
			name = Main.storyboard;
			sourceTree = "<group>";
		};
		DD44AB2E2701F34B001A28FE /* LaunchScreen.storyboard */ = {
			isa = PBXVariantGroup;
			children = (
				DD44AB2F2701F34B001A28FE /* Base */,
			);
			name = LaunchScreen.storyboard;
			sourceTree = "<group>";
		};
/* End PBXVariantGroup section */

/* Begin XCBuildConfiguration section */
		DD44AB322701F34B001A28FE /* Debug */ = {
			isa = XCBuildConfiguration;
			buildSettings = {
				ALWAYS_SEARCH_USER_PATHS = NO;
				CLANG_ANALYZER_NONNULL = YES;
				CLANG_ANALYZER_NUMBER_OBJECT_CONVERSION = YES_AGGRESSIVE;
				CLANG_CXX_LANGUAGE_STANDARD = "gnu++14";
				CLANG_CXX_LIBRARY = "libc++";
				CLANG_ENABLE_MODULES = YES;
				CLANG_ENABLE_OBJC_ARC = YES;
				CLANG_ENABLE_OBJC_WEAK = YES;
				CLANG_WARN_BLOCK_CAPTURE_AUTORELEASING = YES;
				CLANG_WARN_BOOL_CONVERSION = YES;
				CLANG_WARN_COMMA = YES;
				CLANG_WARN_CONSTANT_CONVERSION = YES;
				CLANG_WARN_DEPRECATED_OBJC_IMPLEMENTATIONS = YES;
				CLANG_WARN_DIRECT_OBJC_ISA_USAGE = YES_ERROR;
				CLANG_WARN_DOCUMENTATION_COMMENTS = YES;
				CLANG_WARN_EMPTY_BODY = YES;
				CLANG_WARN_ENUM_CONVERSION = YES;
				CLANG_WARN_INFINITE_RECURSION = YES;
				CLANG_WARN_INT_CONVERSION = YES;
				CLANG_WARN_NON_LITERAL_NULL_CONVERSION = YES;
				CLANG_WARN_OBJC_IMPLICIT_RETAIN_SELF = YES;
				CLANG_WARN_OBJC_LITERAL_CONVERSION = YES;
				CLANG_WARN_OBJC_ROOT_CLASS = YES_ERROR;
				CLANG_WARN_QUOTED_INCLUDE_IN_FRAMEWORK_HEADER = YES;
				CLANG_WARN_RANGE_LOOP_ANALYSIS = YES;
				CLANG_WARN_STRICT_PROTOTYPES = YES;
				CLANG_WARN_SUSPICIOUS_MOVE = YES;
				CLANG_WARN_UNGUARDED_AVAILABILITY = YES_AGGRESSIVE;
				CLANG_WARN_UNREACHABLE_CODE = YES;
				CLANG_WARN__DUPLICATE_METHOD_MATCH = YES;
				COPY_PHASE_STRIP = NO;
				DEBUG_INFORMATION_FORMAT = dwarf;
				ENABLE_STRICT_OBJC_MSGSEND = YES;
				ENABLE_TESTABILITY = YES;
				GCC_C_LANGUAGE_STANDARD = gnu11;
				GCC_DYNAMIC_NO_PIC = NO;
				GCC_NO_COMMON_BLOCKS = YES;
				GCC_OPTIMIZATION_LEVEL = 0;
				GCC_PREPROCESSOR_DEFINITIONS = (
					"DEBUG=1",
					"$(inherited)",
				);
				GCC_WARN_64_TO_32_BIT_CONVERSION = YES;
				GCC_WARN_ABOUT_RETURN_TYPE = YES_ERROR;
				GCC_WARN_UNDECLARED_SELECTOR = YES;
				GCC_WARN_UNINITIALIZED_AUTOS = YES_AGGRESSIVE;
				GCC_WARN_UNUSED_FUNCTION = YES;
				GCC_WARN_UNUSED_VARIABLE = YES;
				IPHONEOS_DEPLOYMENT_TARGET = 14.4;
				MTL_ENABLE_DEBUG_INFO = INCLUDE_SOURCE;
				MTL_FAST_MATH = YES;
				ONLY_ACTIVE_ARCH = YES;
				SDKROOT = iphoneos;
				SWIFT_ACTIVE_COMPILATION_CONDITIONS = DEBUG;
				SWIFT_OPTIMIZATION_LEVEL = "-Onone";
			};
			name = Debug;
		};
		DD44AB332701F34B001A28FE /* Release */ = {
			isa = XCBuildConfiguration;
			buildSettings = {
				ALWAYS_SEARCH_USER_PATHS = NO;
				CLANG_ANALYZER_NONNULL = YES;
				CLANG_ANALYZER_NUMBER_OBJECT_CONVERSION = YES_AGGRESSIVE;
				CLANG_CXX_LANGUAGE_STANDARD = "gnu++14";
				CLANG_CXX_LIBRARY = "libc++";
				CLANG_ENABLE_MODULES = YES;
				CLANG_ENABLE_OBJC_ARC = YES;
				CLANG_ENABLE_OBJC_WEAK = YES;
				CLANG_WARN_BLOCK_CAPTURE_AUTORELEASING = YES;
				CLANG_WARN_BOOL_CONVERSION = YES;
				CLANG_WARN_COMMA = YES;
				CLANG_WARN_CONSTANT_CONVERSION = YES;
				CLANG_WARN_DEPRECATED_OBJC_IMPLEMENTATIONS = YES;
				CLANG_WARN_DIRECT_OBJC_ISA_USAGE = YES_ERROR;
				CLANG_WARN_DOCUMENTATION_COMMENTS = YES;
				CLANG_WARN_EMPTY_BODY = YES;
				CLANG_WARN_ENUM_CONVERSION = YES;
				CLANG_WARN_INFINITE_RECURSION = YES;
				CLANG_WARN_INT_CONVERSION = YES;
				CLANG_WARN_NON_LITERAL_NULL_CONVERSION = YES;
				CLANG_WARN_OBJC_IMPLICIT_RETAIN_SELF = YES;
				CLANG_WARN_OBJC_LITERAL_CONVERSION = YES;
				CLANG_WARN_OBJC_ROOT_CLASS = YES_ERROR;
				CLANG_WARN_QUOTED_INCLUDE_IN_FRAMEWORK_HEADER = YES;
				CLANG_WARN_RANGE_LOOP_ANALYSIS = YES;
				CLANG_WARN_STRICT_PROTOTYPES = YES;
				CLANG_WARN_SUSPICIOUS_MOVE = YES;
				CLANG_WARN_UNGUARDED_AVAILABILITY = YES_AGGRESSIVE;
				CLANG_WARN_UNREACHABLE_CODE = YES;
				CLANG_WARN__DUPLICATE_METHOD_MATCH = YES;
				COPY_PHASE_STRIP = NO;
				DEBUG_INFORMATION_FORMAT = "dwarf-with-dsym";
				ENABLE_NS_ASSERTIONS = NO;
				ENABLE_STRICT_OBJC_MSGSEND = YES;
				GCC_C_LANGUAGE_STANDARD = gnu11;
				GCC_NO_COMMON_BLOCKS = YES;
				GCC_WARN_64_TO_32_BIT_CONVERSION = YES;
				GCC_WARN_ABOUT_RETURN_TYPE = YES_ERROR;
				GCC_WARN_UNDECLARED_SELECTOR = YES;
				GCC_WARN_UNINITIALIZED_AUTOS = YES_AGGRESSIVE;
				GCC_WARN_UNUSED_FUNCTION = YES;
				GCC_WARN_UNUSED_VARIABLE = YES;
				IPHONEOS_DEPLOYMENT_TARGET = 14.4;
				MTL_ENABLE_DEBUG_INFO = NO;
				MTL_FAST_MATH = YES;
				SDKROOT = iphoneos;
				SWIFT_COMPILATION_MODE = wholemodule;
				SWIFT_OPTIMIZATION_LEVEL = "-O";
				VALIDATE_PRODUCT = YES;
			};
			name = Release;
		};
		DD44AB352701F34B001A28FE /* Debug */ = {
			isa = XCBuildConfiguration;
			buildSettings = {
				ASSETCATALOG_COMPILER_APPICON_NAME = AppIcon;
				ASSETCATALOG_COMPILER_GLOBAL_ACCENT_COLOR_NAME = AccentColor;
				CODE_SIGN_STYLE = Automatic;
				DEVELOPMENT_TEAM = ZGCXWM78C4;
				INFOPLIST_FILE = MyCoreDataApp/Info.plist;
				LD_RUNPATH_SEARCH_PATHS = (
					"$(inherited)",
					"@executable_path/Frameworks",
				);
				PRODUCT_BUNDLE_IDENTIFIER = com.rollingscopesschoolstudent.MyCoreDataApp;
				PRODUCT_NAME = "$(TARGET_NAME)";
				SWIFT_VERSION = 5.0;
				TARGETED_DEVICE_FAMILY = "1,2";
			};
			name = Debug;
		};
		DD44AB362701F34B001A28FE /* Release */ = {
			isa = XCBuildConfiguration;
			buildSettings = {
				ASSETCATALOG_COMPILER_APPICON_NAME = AppIcon;
				ASSETCATALOG_COMPILER_GLOBAL_ACCENT_COLOR_NAME = AccentColor;
				CODE_SIGN_STYLE = Automatic;
				DEVELOPMENT_TEAM = ZGCXWM78C4;
				INFOPLIST_FILE = MyCoreDataApp/Info.plist;
				LD_RUNPATH_SEARCH_PATHS = (
					"$(inherited)",
					"@executable_path/Frameworks",
				);
				PRODUCT_BUNDLE_IDENTIFIER = com.rollingscopesschoolstudent.MyCoreDataApp;
				PRODUCT_NAME = "$(TARGET_NAME)";
				SWIFT_VERSION = 5.0;
				TARGETED_DEVICE_FAMILY = "1,2";
			};
			name = Release;
		};
/* End XCBuildConfiguration section */

/* Begin XCConfigurationList section */
		DD44AB182701F34A001A28FE /* Build configuration list for PBXProject "MyCoreDataApp" */ = {
			isa = XCConfigurationList;
			buildConfigurations = (
				DD44AB322701F34B001A28FE /* Debug */,
				DD44AB332701F34B001A28FE /* Release */,
			);
			defaultConfigurationIsVisible = 0;
			defaultConfigurationName = Release;
		};
		DD44AB342701F34B001A28FE /* Build configuration list for PBXNativeTarget "MyCoreDataApp" */ = {
			isa = XCConfigurationList;
			buildConfigurations = (
				DD44AB352701F34B001A28FE /* Debug */,
				DD44AB362701F34B001A28FE /* Release */,
			);
			defaultConfigurationIsVisible = 0;
			defaultConfigurationName = Release;
		};
/* End XCConfigurationList section */

/* Begin XCVersionGroup section */
		DD44AB292701F34A001A28FE /* MyCoreDataApp.xcdatamodeld */ = {
			isa = XCVersionGroup;
			children = (
				DD44AB2A2701F34A001A28FE /* MyCoreDataApp.xcdatamodel */,
			);
			currentVersion = DD44AB2A2701F34A001A28FE /* MyCoreDataApp.xcdatamodel */;
			path = MyCoreDataApp.xcdatamodeld;
			sourceTree = "<group>";
			versionGroupType = wrapper.xcdatamodel;
		};
/* End XCVersionGroup section */
	};
	rootObject = DD44AB152701F34A001A28FE /* Project object */;
}
